
Microsoft Visual Studio Solution File, Format Version 12.00
# Visual Studio 14
VisualStudioVersion = 14.0.25420.1
MinimumVisualStudioVersion = 10.0.40219.1
Project("{FAE04EC0-301F-11D3-BF4B-00C04F79EFBC}") = "ClassificationMotif", "ClassificationMotif\ClassificationMotif.csproj", "{56DEA7DB-45D7-42A3-AE80-4CD0F1DDDFEF}"
EndProject
Global
	GlobalSection(SolutionConfigurationPlatforms) = preSolution
		Debug|Any CPU = Debug|Any CPU
		Release|Any CPU = Release|Any CPU
	EndGlobalSection
	GlobalSection(ProjectConfigurationPlatforms) = postSolution
		{56DEA7DB-45D7-42A3-AE80-4CD0F1DDDFEF}.Debug|Any CPU.ActiveCfg = Debug|Any CPU
		{56DEA7DB-45D7-42A3-AE80-4CD0F1DDDFEF}.Debug|Any CPU.Build.0 = Debug|Any CPU
		{56DEA7DB-45D7-42A3-AE80-4CD0F1DDDFEF}.Release|Any CPU.ActiveCfg = Release|Any CPU
		{56DEA7DB-45D7-42A3-AE80-4CD0F1DDDFEF}.Release|Any CPU.Build.0 = Release|Any CPU
	EndGlobalSection
	GlobalSection(SolutionProperties) = preSolution
		HideSolutionNode = FALSE
	EndGlobalSection
EndGlobal
